
Microsoft Visual Studio Solution File, Format Version 12.00
# Visual Studio Version 17
VisualStudioVersion = 17.5.33424.131
MinimumVisualStudioVersion = 10.0.40219.1
Project("{9A19103F-16F7-4668-BE54-9A1E7A4F7556}") = "ProduManApp", "ProduManApp\ProduManApp.csproj", "{E480F935-9CC8-4981-B4B2-E29F00172B34}"
EndProject
Project("{9A19103F-16F7-4668-BE54-9A1E7A4F7556}") = "ProduManAPI", "ProduManAPI\ProduManAPI.csproj", "{93B6CED5-AB48-4651-AE10-157A230A5BA0}"
EndProject
Project("{9A19103F-16F7-4668-BE54-9A1E7A4F7556}") = "ProduMan.DataAcces", "ProduMan.DataAcces\ProduMan.DataAcces.csproj", "{1D8C4226-6221-4701-9043-D7235C807CA4}"
EndProject
Project("{9A19103F-16F7-4668-BE54-9A1E7A4F7556}") = "ProduManApplicationServices", "ProduManApplicationServices\ProduManApplicationServices.csproj", "{CD60B415-12A6-477E-991B-4A5EAB12A20B}"
EndProject
Project("{2150E333-8FDC-42A3-9474-1A3956D46DE8}") = "UI_WPF", "UI_WPF", "{0E836A23-DACF-4A9B-9177-3C1579B02D50}"
EndProject
Project("{9A19103F-16F7-4668-BE54-9A1E7A4F7556}") = "ProduManWPF.DataAccess", "ProduManWPF.DataAccess\ProduManWPF.DataAccess.csproj", "{A6AA86EF-587B-4955-9C10-EAD55271CC11}"
EndProject
Project("{9A19103F-16F7-4668-BE54-9A1E7A4F7556}") = "ProduManWPF.ViewModels", "ProduManWPF.ViewModels\ProduManWPF.ViewModels.csproj", "{91B90F13-521B-4BEB-97AE-F8B2E8715256}"
EndProject
Project("{9A19103F-16F7-4668-BE54-9A1E7A4F7556}") = "ProduManWPF.View", "ProduManWPF.View\ProduManWPF.View.csproj", "{50E16BE1-F664-494F-8C5B-51815B12A3A0}"
EndProject
Project("{2150E333-8FDC-42A3-9474-1A3956D46DE8}") = "API_CQRS", "API_CQRS", "{358D79C2-BFC9-4E1D-839E-34CC984D7D30}"
EndProject
Project("{2150E333-8FDC-42A3-9474-1A3956D46DE8}") = "WPF_testy", "WPF_testy", "{41970F58-0634-44A8-9617-56A1D6044B4E}"
EndProject
Project("{9A19103F-16F7-4668-BE54-9A1E7A4F7556}") = "MauiApp1", "MauiApp1\MauiApp1.csproj", "{15E2AFF0-A3BC-42CA-A3E4-5D2F1A688B3E}"
EndProject
Project("{9A19103F-16F7-4668-BE54-9A1E7A4F7556}") = "ProduManUI.Core", "ProduMan.Core\ProduManUI.Core.csproj", "{4C55B79A-1A0A-482A-A044-088F54FB1F8A}"
EndProject
Project("{9A19103F-16F7-4668-BE54-9A1E7A4F7556}") = "ProduManUI.DataAcces", "ProduManUI.DataAcces\ProduManUI.DataAcces.csproj", "{708E8276-08E8-48EE-95FE-FBC4DE01D959}"
EndProject
Project("{9A19103F-16F7-4668-BE54-9A1E7A4F7556}") = "ProduManUI", "ProduManUI\ProduManUI.csproj", "{30A8D8B4-B3F5-490D-BAE8-B60AE7DFC3F6}"
EndProject
Project("{9A19103F-16F7-4668-BE54-9A1E7A4F7556}") = "BlazorApp", "..\..\ZKJ_BlazorApp-main\ZKJ_BlazorApp-main\BlazorApp.csproj", "{C9883572-1B61-436D-B7EC-BF3AF0B52C63}"
EndProject
Global
	GlobalSection(SolutionConfigurationPlatforms) = preSolution
		Debug|Any CPU = Debug|Any CPU
		Release|Any CPU = Release|Any CPU
	EndGlobalSection
	GlobalSection(ProjectConfigurationPlatforms) = postSolution
		{E480F935-9CC8-4981-B4B2-E29F00172B34}.Debug|Any CPU.ActiveCfg = Debug|Any CPU
		{E480F935-9CC8-4981-B4B2-E29F00172B34}.Debug|Any CPU.Build.0 = Debug|Any CPU
		{E480F935-9CC8-4981-B4B2-E29F00172B34}.Release|Any CPU.ActiveCfg = Release|Any CPU
		{E480F935-9CC8-4981-B4B2-E29F00172B34}.Release|Any CPU.Build.0 = Release|Any CPU
		{93B6CED5-AB48-4651-AE10-157A230A5BA0}.Debug|Any CPU.ActiveCfg = Debug|Any CPU
		{93B6CED5-AB48-4651-AE10-157A230A5BA0}.Debug|Any CPU.Build.0 = Debug|Any CPU
		{93B6CED5-AB48-4651-AE10-157A230A5BA0}.Release|Any CPU.ActiveCfg = Release|Any CPU
		{93B6CED5-AB48-4651-AE10-157A230A5BA0}.Release|Any CPU.Build.0 = Release|Any CPU
		{1D8C4226-6221-4701-9043-D7235C807CA4}.Debug|Any CPU.ActiveCfg = Debug|Any CPU
		{1D8C4226-6221-4701-9043-D7235C807CA4}.Debug|Any CPU.Build.0 = Debug|Any CPU
		{1D8C4226-6221-4701-9043-D7235C807CA4}.Release|Any CPU.ActiveCfg = Release|Any CPU
		{1D8C4226-6221-4701-9043-D7235C807CA4}.Release|Any CPU.Build.0 = Release|Any CPU
		{CD60B415-12A6-477E-991B-4A5EAB12A20B}.Debug|Any CPU.ActiveCfg = Debug|Any CPU
		{CD60B415-12A6-477E-991B-4A5EAB12A20B}.Debug|Any CPU.Build.0 = Debug|Any CPU
		{CD60B415-12A6-477E-991B-4A5EAB12A20B}.Release|Any CPU.ActiveCfg = Release|Any CPU
		{CD60B415-12A6-477E-991B-4A5EAB12A20B}.Release|Any CPU.Build.0 = Release|Any CPU
		{A6AA86EF-587B-4955-9C10-EAD55271CC11}.Debug|Any CPU.ActiveCfg = Debug|Any CPU
		{A6AA86EF-587B-4955-9C10-EAD55271CC11}.Debug|Any CPU.Build.0 = Debug|Any CPU
		{A6AA86EF-587B-4955-9C10-EAD55271CC11}.Release|Any CPU.ActiveCfg = Release|Any CPU
		{A6AA86EF-587B-4955-9C10-EAD55271CC11}.Release|Any CPU.Build.0 = Release|Any CPU
		{91B90F13-521B-4BEB-97AE-F8B2E8715256}.Debug|Any CPU.ActiveCfg = Debug|Any CPU
		{91B90F13-521B-4BEB-97AE-F8B2E8715256}.Debug|Any CPU.Build.0 = Debug|Any CPU
		{91B90F13-521B-4BEB-97AE-F8B2E8715256}.Release|Any CPU.ActiveCfg = Release|Any CPU
		{91B90F13-521B-4BEB-97AE-F8B2E8715256}.Release|Any CPU.Build.0 = Release|Any CPU
		{50E16BE1-F664-494F-8C5B-51815B12A3A0}.Debug|Any CPU.ActiveCfg = Debug|Any CPU
		{50E16BE1-F664-494F-8C5B-51815B12A3A0}.Debug|Any CPU.Build.0 = Debug|Any CPU
		{50E16BE1-F664-494F-8C5B-51815B12A3A0}.Release|Any CPU.ActiveCfg = Release|Any CPU
		{50E16BE1-F664-494F-8C5B-51815B12A3A0}.Release|Any CPU.Build.0 = Release|Any CPU
		{15E2AFF0-A3BC-42CA-A3E4-5D2F1A688B3E}.Debug|Any CPU.ActiveCfg = Debug|Any CPU
		{15E2AFF0-A3BC-42CA-A3E4-5D2F1A688B3E}.Debug|Any CPU.Build.0 = Debug|Any CPU
		{15E2AFF0-A3BC-42CA-A3E4-5D2F1A688B3E}.Debug|Any CPU.Deploy.0 = Debug|Any CPU
		{15E2AFF0-A3BC-42CA-A3E4-5D2F1A688B3E}.Release|Any CPU.ActiveCfg = Release|Any CPU
		{15E2AFF0-A3BC-42CA-A3E4-5D2F1A688B3E}.Release|Any CPU.Build.0 = Release|Any CPU
		{15E2AFF0-A3BC-42CA-A3E4-5D2F1A688B3E}.Release|Any CPU.Deploy.0 = Release|Any CPU
		{4C55B79A-1A0A-482A-A044-088F54FB1F8A}.Debug|Any CPU.ActiveCfg = Debug|Any CPU
		{4C55B79A-1A0A-482A-A044-088F54FB1F8A}.Debug|Any CPU.Build.0 = Debug|Any CPU
		{4C55B79A-1A0A-482A-A044-088F54FB1F8A}.Release|Any CPU.ActiveCfg = Release|Any CPU
		{4C55B79A-1A0A-482A-A044-088F54FB1F8A}.Release|Any CPU.Build.0 = Release|Any CPU
		{708E8276-08E8-48EE-95FE-FBC4DE01D959}.Debug|Any CPU.ActiveCfg = Debug|Any CPU
		{708E8276-08E8-48EE-95FE-FBC4DE01D959}.Debug|Any CPU.Build.0 = Debug|Any CPU
		{708E8276-08E8-48EE-95FE-FBC4DE01D959}.Release|Any CPU.ActiveCfg = Release|Any CPU
		{708E8276-08E8-48EE-95FE-FBC4DE01D959}.Release|Any CPU.Build.0 = Release|Any CPU
		{30A8D8B4-B3F5-490D-BAE8-B60AE7DFC3F6}.Debug|Any CPU.ActiveCfg = Debug|Any CPU
		{30A8D8B4-B3F5-490D-BAE8-B60AE7DFC3F6}.Debug|Any CPU.Build.0 = Debug|Any CPU
		{30A8D8B4-B3F5-490D-BAE8-B60AE7DFC3F6}.Release|Any CPU.ActiveCfg = Release|Any CPU
		{30A8D8B4-B3F5-490D-BAE8-B60AE7DFC3F6}.Release|Any CPU.Build.0 = Release|Any CPU
		{C9883572-1B61-436D-B7EC-BF3AF0B52C63}.Debug|Any CPU.ActiveCfg = Debug|Any CPU
		{C9883572-1B61-436D-B7EC-BF3AF0B52C63}.Debug|Any CPU.Build.0 = Debug|Any CPU
		{C9883572-1B61-436D-B7EC-BF3AF0B52C63}.Release|Any CPU.ActiveCfg = Release|Any CPU
		{C9883572-1B61-436D-B7EC-BF3AF0B52C63}.Release|Any CPU.Build.0 = Release|Any CPU
	EndGlobalSection
	GlobalSection(SolutionProperties) = preSolution
		HideSolutionNode = FALSE
	EndGlobalSection
	GlobalSection(NestedProjects) = preSolution
		{93B6CED5-AB48-4651-AE10-157A230A5BA0} = {358D79C2-BFC9-4E1D-839E-34CC984D7D30}
		{1D8C4226-6221-4701-9043-D7235C807CA4} = {358D79C2-BFC9-4E1D-839E-34CC984D7D30}
		{CD60B415-12A6-477E-991B-4A5EAB12A20B} = {358D79C2-BFC9-4E1D-839E-34CC984D7D30}
		{A6AA86EF-587B-4955-9C10-EAD55271CC11} = {41970F58-0634-44A8-9617-56A1D6044B4E}
		{91B90F13-521B-4BEB-97AE-F8B2E8715256} = {41970F58-0634-44A8-9617-56A1D6044B4E}
		{50E16BE1-F664-494F-8C5B-51815B12A3A0} = {41970F58-0634-44A8-9617-56A1D6044B4E}
		{4C55B79A-1A0A-482A-A044-088F54FB1F8A} = {0E836A23-DACF-4A9B-9177-3C1579B02D50}
		{708E8276-08E8-48EE-95FE-FBC4DE01D959} = {0E836A23-DACF-4A9B-9177-3C1579B02D50}
		{30A8D8B4-B3F5-490D-BAE8-B60AE7DFC3F6} = {0E836A23-DACF-4A9B-9177-3C1579B02D50}
	EndGlobalSection
	GlobalSection(ExtensibilityGlobals) = postSolution
		SolutionGuid = {3F6BA644-0695-4CF0-8B0E-28BB877B3CBB}
	EndGlobalSection
EndGlobal
